
Microsoft Visual Studio Solution File, Format Version 12.00
# Visual Studio Version 16
VisualStudioVersion = 16.0.31624.102
MinimumVisualStudioVersion = 10.0.40219.1
Project("{FAE04EC0-301F-11D3-BF4B-00C04F79EFBC}") = "BrainTraining", "BrainTraining\BrainTraining.csproj", "{306B9475-6723-4FAF-9A89-570A2559EBDD}"
EndProject
Global
	GlobalSection(SolutionConfigurationPlatforms) = preSolution
		Debug|Any CPU = Debug|Any CPU
		Release|Any CPU = Release|Any CPU
	EndGlobalSection
	GlobalSection(ProjectConfigurationPlatforms) = postSolution
		{306B9475-6723-4FAF-9A89-570A2559EBDD}.Debug|Any CPU.ActiveCfg = Debug|Any CPU
		{306B9475-6723-4FAF-9A89-570A2559EBDD}.Debug|Any CPU.Build.0 = Debug|Any CPU
		{306B9475-6723-4FAF-9A89-570A2559EBDD}.Release|Any CPU.ActiveCfg = Release|Any CPU
		{306B9475-6723-4FAF-9A89-570A2559EBDD}.Release|Any CPU.Build.0 = Release|Any CPU
	EndGlobalSection
	GlobalSection(SolutionProperties) = preSolution
		HideSolutionNode = FALSE
	EndGlobalSection
	GlobalSection(ExtensibilityGlobals) = postSolution
		SolutionGuid = {5ED0B911-758D-4F03-B9E9-874B00A9EAE4}
	EndGlobalSection
EndGlobal
